
Microsoft Visual Studio Solution File, Format Version 12.00
# Visual Studio Version 17
VisualStudioVersion = 17.2.32516.85
MinimumVisualStudioVersion = 10.0.40219.1
Project("{FAE04EC0-301F-11D3-BF4B-00C04F79EFBC}") = "exercice_2-2_es-tu-majeur", "exercice_2-2_es-tu-majeur\exercice_2-2_es-tu-majeur.csproj", "{65D5E060-44F2-4368-B381-3D8D910EE5F4}"
EndProject
Global
	GlobalSection(SolutionConfigurationPlatforms) = preSolution
		Debug|Any CPU = Debug|Any CPU
		Release|Any CPU = Release|Any CPU
	EndGlobalSection
	GlobalSection(ProjectConfigurationPlatforms) = postSolution
		{65D5E060-44F2-4368-B381-3D8D910EE5F4}.Debug|Any CPU.ActiveCfg = Debug|Any CPU
		{65D5E060-44F2-4368-B381-3D8D910EE5F4}.Debug|Any CPU.Build.0 = Debug|Any CPU
		{65D5E060-44F2-4368-B381-3D8D910EE5F4}.Release|Any CPU.ActiveCfg = Release|Any CPU
		{65D5E060-44F2-4368-B381-3D8D910EE5F4}.Release|Any CPU.Build.0 = Release|Any CPU
	EndGlobalSection
	GlobalSection(SolutionProperties) = preSolution
		HideSolutionNode = FALSE
	EndGlobalSection
	GlobalSection(ExtensibilityGlobals) = postSolution
		SolutionGuid = {54C3944F-D729-4A5C-A167-154A106CFBC8}
	EndGlobalSection
EndGlobal
