
Microsoft Visual Studio Solution File, Format Version 12.00
# Visual Studio Version 17
VisualStudioVersion = 17.2.32516.85
MinimumVisualStudioVersion = 10.0.40219.1
Project("{FAE04EC0-301F-11D3-BF4B-00C04F79EFBC}") = "exercice_2-4_tri-nombres", "exercice_2-4_tri-nombres\exercice_2-4_tri-nombres.csproj", "{B2B17987-70AB-475F-94AF-47CE18824D92}"
EndProject
Global
	GlobalSection(SolutionConfigurationPlatforms) = preSolution
		Debug|Any CPU = Debug|Any CPU
		Release|Any CPU = Release|Any CPU
	EndGlobalSection
	GlobalSection(ProjectConfigurationPlatforms) = postSolution
		{B2B17987-70AB-475F-94AF-47CE18824D92}.Debug|Any CPU.ActiveCfg = Debug|Any CPU
		{B2B17987-70AB-475F-94AF-47CE18824D92}.Debug|Any CPU.Build.0 = Debug|Any CPU
		{B2B17987-70AB-475F-94AF-47CE18824D92}.Release|Any CPU.ActiveCfg = Release|Any CPU
		{B2B17987-70AB-475F-94AF-47CE18824D92}.Release|Any CPU.Build.0 = Release|Any CPU
	EndGlobalSection
	GlobalSection(SolutionProperties) = preSolution
		HideSolutionNode = FALSE
	EndGlobalSection
	GlobalSection(ExtensibilityGlobals) = postSolution
		SolutionGuid = {9119F930-FFBB-4D1F-A62E-49569D5F981D}
	EndGlobalSection
EndGlobal
