
Microsoft Visual Studio Solution File, Format Version 12.00
# Visual Studio Version 17
VisualStudioVersion = 17.2.32505.173
MinimumVisualStudioVersion = 10.0.40219.1
Project("{9A19103F-16F7-4668-BE54-9A1E7A4F7556}") = "exercice_5-2-2_kilometres-miles", "exercice_5-2-2_kilometres-miles\exercice_5-2-2_kilometres-miles.csproj", "{E5263208-EDCB-4F05-BA66-99B7AB07884E}"
EndProject
Project("{FAE04EC0-301F-11D3-BF4B-00C04F79EFBC}") = "exercice_5-2-2_km-mi_v2", "exercice_5-2-2_km-mi_v2\exercice_5-2-2_km-mi_v2.csproj", "{FEA65FF5-8645-4B06-AC6E-859B9D3D5381}"
EndProject
Project("{FAE04EC0-301F-11D3-BF4B-00C04F79EFBC}") = "exercice_5-2-2_km-mi_v3", "exercice_5-2-2_km-mi_v3\exercice_5-2-2_km-mi_v3.csproj", "{F1B14751-2F26-489B-AEF4-D90763DEC2CA}"
EndProject
Project("{FAE04EC0-301F-11D3-BF4B-00C04F79EFBC}") = "exercice_5-2-2_km-mi_v4", "exercice_5-2-2_km-mi_v4\exercice_5-2-2_km-mi_v4.csproj", "{D950BC1D-269C-4305-894C-61F6E0B2453A}"
EndProject
Project("{FAE04EC0-301F-11D3-BF4B-00C04F79EFBC}") = "exercice_5-2-2_km-mi_v5", "exercice_5-2-2_km-mi_v5\exercice_5-2-2_km-mi_v5.csproj", "{ECF647FB-3DE6-4000-AE19-0C1C7BE39B99}"
EndProject
Global
	GlobalSection(SolutionConfigurationPlatforms) = preSolution
		Debug|Any CPU = Debug|Any CPU
		Release|Any CPU = Release|Any CPU
	EndGlobalSection
	GlobalSection(ProjectConfigurationPlatforms) = postSolution
		{E5263208-EDCB-4F05-BA66-99B7AB07884E}.Debug|Any CPU.ActiveCfg = Debug|Any CPU
		{E5263208-EDCB-4F05-BA66-99B7AB07884E}.Debug|Any CPU.Build.0 = Debug|Any CPU
		{E5263208-EDCB-4F05-BA66-99B7AB07884E}.Release|Any CPU.ActiveCfg = Release|Any CPU
		{E5263208-EDCB-4F05-BA66-99B7AB07884E}.Release|Any CPU.Build.0 = Release|Any CPU
		{FEA65FF5-8645-4B06-AC6E-859B9D3D5381}.Debug|Any CPU.ActiveCfg = Debug|Any CPU
		{FEA65FF5-8645-4B06-AC6E-859B9D3D5381}.Debug|Any CPU.Build.0 = Debug|Any CPU
		{FEA65FF5-8645-4B06-AC6E-859B9D3D5381}.Release|Any CPU.ActiveCfg = Release|Any CPU
		{FEA65FF5-8645-4B06-AC6E-859B9D3D5381}.Release|Any CPU.Build.0 = Release|Any CPU
		{F1B14751-2F26-489B-AEF4-D90763DEC2CA}.Debug|Any CPU.ActiveCfg = Debug|Any CPU
		{F1B14751-2F26-489B-AEF4-D90763DEC2CA}.Debug|Any CPU.Build.0 = Debug|Any CPU
		{F1B14751-2F26-489B-AEF4-D90763DEC2CA}.Release|Any CPU.ActiveCfg = Release|Any CPU
		{F1B14751-2F26-489B-AEF4-D90763DEC2CA}.Release|Any CPU.Build.0 = Release|Any CPU
		{D950BC1D-269C-4305-894C-61F6E0B2453A}.Debug|Any CPU.ActiveCfg = Debug|Any CPU
		{D950BC1D-269C-4305-894C-61F6E0B2453A}.Debug|Any CPU.Build.0 = Debug|Any CPU
		{D950BC1D-269C-4305-894C-61F6E0B2453A}.Release|Any CPU.ActiveCfg = Release|Any CPU
		{D950BC1D-269C-4305-894C-61F6E0B2453A}.Release|Any CPU.Build.0 = Release|Any CPU
		{ECF647FB-3DE6-4000-AE19-0C1C7BE39B99}.Debug|Any CPU.ActiveCfg = Debug|Any CPU
		{ECF647FB-3DE6-4000-AE19-0C1C7BE39B99}.Debug|Any CPU.Build.0 = Debug|Any CPU
		{ECF647FB-3DE6-4000-AE19-0C1C7BE39B99}.Release|Any CPU.ActiveCfg = Release|Any CPU
		{ECF647FB-3DE6-4000-AE19-0C1C7BE39B99}.Release|Any CPU.Build.0 = Release|Any CPU
	EndGlobalSection
	GlobalSection(SolutionProperties) = preSolution
		HideSolutionNode = FALSE
	EndGlobalSection
	GlobalSection(ExtensibilityGlobals) = postSolution
		SolutionGuid = {344FD81A-0680-4E1D-92C9-221D23217E3D}
	EndGlobalSection
EndGlobal
