
Microsoft Visual Studio Solution File, Format Version 12.00
# Visual Studio Version 17
VisualStudioVersion = 17.2.32505.173
MinimumVisualStudioVersion = 10.0.40219.1
Project("{9A19103F-16F7-4668-BE54-9A1E7A4F7556}") = "exercice_4-5_palindrome", "exercice_4-5_palindrome\exercice_4-5_palindrome.csproj", "{FAD1F663-CFAE-4FE6-A333-AC02FA0DB11C}"
EndProject
Project("{FAE04EC0-301F-11D3-BF4B-00C04F79EFBC}") = "exercice_4-5_palindrome-v2", "exercice_4-5_palindrome-v2\exercice_4-5_palindrome-v2.csproj", "{DF2AF9E3-1DD7-4B7B-AF22-C72C2DD7C680}"
EndProject
Global
	GlobalSection(SolutionConfigurationPlatforms) = preSolution
		Debug|Any CPU = Debug|Any CPU
		Release|Any CPU = Release|Any CPU
	EndGlobalSection
	GlobalSection(ProjectConfigurationPlatforms) = postSolution
		{FAD1F663-CFAE-4FE6-A333-AC02FA0DB11C}.Debug|Any CPU.ActiveCfg = Debug|Any CPU
		{FAD1F663-CFAE-4FE6-A333-AC02FA0DB11C}.Debug|Any CPU.Build.0 = Debug|Any CPU
		{FAD1F663-CFAE-4FE6-A333-AC02FA0DB11C}.Release|Any CPU.ActiveCfg = Release|Any CPU
		{FAD1F663-CFAE-4FE6-A333-AC02FA0DB11C}.Release|Any CPU.Build.0 = Release|Any CPU
		{DF2AF9E3-1DD7-4B7B-AF22-C72C2DD7C680}.Debug|Any CPU.ActiveCfg = Debug|Any CPU
		{DF2AF9E3-1DD7-4B7B-AF22-C72C2DD7C680}.Debug|Any CPU.Build.0 = Debug|Any CPU
		{DF2AF9E3-1DD7-4B7B-AF22-C72C2DD7C680}.Release|Any CPU.ActiveCfg = Release|Any CPU
		{DF2AF9E3-1DD7-4B7B-AF22-C72C2DD7C680}.Release|Any CPU.Build.0 = Release|Any CPU
	EndGlobalSection
	GlobalSection(SolutionProperties) = preSolution
		HideSolutionNode = FALSE
	EndGlobalSection
	GlobalSection(ExtensibilityGlobals) = postSolution
		SolutionGuid = {9CC0F322-E5E8-4D7A-AB05-5CA217B30818}
	EndGlobalSection
EndGlobal
