
Microsoft Visual Studio Solution File, Format Version 12.00
# Visual Studio Version 17
VisualStudioVersion = 17.2.32505.173
MinimumVisualStudioVersion = 10.0.40219.1
Project("{9A19103F-16F7-4668-BE54-9A1E7A4F7556}") = "ex-3-7-barnabe", "ex-3-7-barnabe\ex-3-7-barnabe.csproj", "{7FCACB9B-16F4-48F3-8EAE-EFBAA8143D38}"
EndProject
Project("{9A19103F-16F7-4668-BE54-9A1E7A4F7556}") = "ex-3-6-fourchet", "ex-3-6-fourchet\ex-3-6-fourchet.csproj", "{C39F0C08-D30F-4993-8CDA-840E374B41CB}"
EndProject
Project("{9A19103F-16F7-4668-BE54-9A1E7A4F7556}") = "ex-3-5-premier", "ex-3-5-premier\ex-3-5-premier.csproj", "{1C9A0E24-D0DB-412E-9037-DDBF04D8B237}"
EndProject
Project("{9A19103F-16F7-4668-BE54-9A1E7A4F7556}") = "ex-3-3-interval", "ex-3-3-interval\ex-3-3-interval.csproj", "{0F721C60-1488-4DBC-9BA8-6A4124826D30}"
EndProject
Project("{9A19103F-16F7-4668-BE54-9A1E7A4F7556}") = "ex-3-4-diviseur", "ex-3-4-diviseur\ex-3-4-diviseur.csproj", "{0040FC63-BCC3-4C2E-ACC6-913642D62ACB}"
EndProject
Project("{FAE04EC0-301F-11D3-BF4B-00C04F79EFBC}") = "ex-3-1-saisie", "ex-3-1-saisie\ex-3-1-saisie.csproj", "{9F8F4DEA-A4A9-4F7D-9577-48496AF48F88}"
EndProject
Project("{FAE04EC0-301F-11D3-BF4B-00C04F79EFBC}") = "ex-3-2-limite", "ex-3-2-limite\ex-3-2-limite.csproj", "{D33182AD-A54E-4419-8E10-FA539988FC66}"
EndProject
Global
	GlobalSection(SolutionConfigurationPlatforms) = preSolution
		Debug|Any CPU = Debug|Any CPU
		Release|Any CPU = Release|Any CPU
	EndGlobalSection
	GlobalSection(ProjectConfigurationPlatforms) = postSolution
		{7FCACB9B-16F4-48F3-8EAE-EFBAA8143D38}.Debug|Any CPU.ActiveCfg = Debug|Any CPU
		{7FCACB9B-16F4-48F3-8EAE-EFBAA8143D38}.Debug|Any CPU.Build.0 = Debug|Any CPU
		{7FCACB9B-16F4-48F3-8EAE-EFBAA8143D38}.Release|Any CPU.ActiveCfg = Release|Any CPU
		{7FCACB9B-16F4-48F3-8EAE-EFBAA8143D38}.Release|Any CPU.Build.0 = Release|Any CPU
		{C39F0C08-D30F-4993-8CDA-840E374B41CB}.Debug|Any CPU.ActiveCfg = Debug|Any CPU
		{C39F0C08-D30F-4993-8CDA-840E374B41CB}.Debug|Any CPU.Build.0 = Debug|Any CPU
		{C39F0C08-D30F-4993-8CDA-840E374B41CB}.Release|Any CPU.ActiveCfg = Release|Any CPU
		{C39F0C08-D30F-4993-8CDA-840E374B41CB}.Release|Any CPU.Build.0 = Release|Any CPU
		{1C9A0E24-D0DB-412E-9037-DDBF04D8B237}.Debug|Any CPU.ActiveCfg = Debug|Any CPU
		{1C9A0E24-D0DB-412E-9037-DDBF04D8B237}.Debug|Any CPU.Build.0 = Debug|Any CPU
		{1C9A0E24-D0DB-412E-9037-DDBF04D8B237}.Release|Any CPU.ActiveCfg = Release|Any CPU
		{1C9A0E24-D0DB-412E-9037-DDBF04D8B237}.Release|Any CPU.Build.0 = Release|Any CPU
		{0F721C60-1488-4DBC-9BA8-6A4124826D30}.Debug|Any CPU.ActiveCfg = Debug|Any CPU
		{0F721C60-1488-4DBC-9BA8-6A4124826D30}.Debug|Any CPU.Build.0 = Debug|Any CPU
		{0F721C60-1488-4DBC-9BA8-6A4124826D30}.Release|Any CPU.ActiveCfg = Release|Any CPU
		{0F721C60-1488-4DBC-9BA8-6A4124826D30}.Release|Any CPU.Build.0 = Release|Any CPU
		{0040FC63-BCC3-4C2E-ACC6-913642D62ACB}.Debug|Any CPU.ActiveCfg = Debug|Any CPU
		{0040FC63-BCC3-4C2E-ACC6-913642D62ACB}.Debug|Any CPU.Build.0 = Debug|Any CPU
		{0040FC63-BCC3-4C2E-ACC6-913642D62ACB}.Release|Any CPU.ActiveCfg = Release|Any CPU
		{0040FC63-BCC3-4C2E-ACC6-913642D62ACB}.Release|Any CPU.Build.0 = Release|Any CPU
		{9F8F4DEA-A4A9-4F7D-9577-48496AF48F88}.Debug|Any CPU.ActiveCfg = Debug|Any CPU
		{9F8F4DEA-A4A9-4F7D-9577-48496AF48F88}.Debug|Any CPU.Build.0 = Debug|Any CPU
		{9F8F4DEA-A4A9-4F7D-9577-48496AF48F88}.Release|Any CPU.ActiveCfg = Release|Any CPU
		{9F8F4DEA-A4A9-4F7D-9577-48496AF48F88}.Release|Any CPU.Build.0 = Release|Any CPU
		{D33182AD-A54E-4419-8E10-FA539988FC66}.Debug|Any CPU.ActiveCfg = Debug|Any CPU
		{D33182AD-A54E-4419-8E10-FA539988FC66}.Debug|Any CPU.Build.0 = Debug|Any CPU
		{D33182AD-A54E-4419-8E10-FA539988FC66}.Release|Any CPU.ActiveCfg = Release|Any CPU
		{D33182AD-A54E-4419-8E10-FA539988FC66}.Release|Any CPU.Build.0 = Release|Any CPU
	EndGlobalSection
	GlobalSection(SolutionProperties) = preSolution
		HideSolutionNode = FALSE
	EndGlobalSection
	GlobalSection(ExtensibilityGlobals) = postSolution
		SolutionGuid = {A45E8366-0196-4E40-A491-5657D3280F8A}
	EndGlobalSection
EndGlobal
