
Microsoft Visual Studio Solution File, Format Version 12.00
# Visual Studio Version 17
VisualStudioVersion = 17.2.32516.85
MinimumVisualStudioVersion = 10.0.40219.1
Project("{9A19103F-16F7-4668-BE54-9A1E7A4F7556}") = "ex21_triNombres", "exercice_2-1_tri-nombres\ex21_triNombres.csproj", "{88BE6BCA-2AB8-482B-909E-BF165736482A}"
EndProject
Global
	GlobalSection(SolutionConfigurationPlatforms) = preSolution
		Debug|Any CPU = Debug|Any CPU
		Release|Any CPU = Release|Any CPU
	EndGlobalSection
	GlobalSection(ProjectConfigurationPlatforms) = postSolution
		{88BE6BCA-2AB8-482B-909E-BF165736482A}.Debug|Any CPU.ActiveCfg = Debug|Any CPU
		{88BE6BCA-2AB8-482B-909E-BF165736482A}.Debug|Any CPU.Build.0 = Debug|Any CPU
		{88BE6BCA-2AB8-482B-909E-BF165736482A}.Release|Any CPU.ActiveCfg = Release|Any CPU
		{88BE6BCA-2AB8-482B-909E-BF165736482A}.Release|Any CPU.Build.0 = Release|Any CPU
	EndGlobalSection
	GlobalSection(SolutionProperties) = preSolution
		HideSolutionNode = FALSE
	EndGlobalSection
	GlobalSection(ExtensibilityGlobals) = postSolution
		SolutionGuid = {3509FB49-200D-42C4-AC3A-89E55B245493}
	EndGlobalSection
EndGlobal
